
Microsoft Visual Studio Solution File, Format Version 12.00
# Visual Studio Version 16
VisualStudioVersion = 16.0.30204.135
MinimumVisualStudioVersion = 10.0.40219.1
Project("{FAE04EC0-301F-11D3-BF4B-00C04F79EFBC}") = "zoooom.net_core", "zoooom.net_core\zoooom.net_core.csproj", "{9D8E9977-0C2A-4102-820C-AF5A9BE0BF8A}"
EndProject
Global
	GlobalSection(SolutionConfigurationPlatforms) = preSolution
		Debug|Any CPU = Debug|Any CPU
		Release|Any CPU = Release|Any CPU
	EndGlobalSection
	GlobalSection(ProjectConfigurationPlatforms) = postSolution
		{9D8E9977-0C2A-4102-820C-AF5A9BE0BF8A}.Debug|Any CPU.ActiveCfg = Debug|Any CPU
		{9D8E9977-0C2A-4102-820C-AF5A9BE0BF8A}.Debug|Any CPU.Build.0 = Debug|Any CPU
		{9D8E9977-0C2A-4102-820C-AF5A9BE0BF8A}.Release|Any CPU.ActiveCfg = Release|Any CPU
		{9D8E9977-0C2A-4102-820C-AF5A9BE0BF8A}.Release|Any CPU.Build.0 = Release|Any CPU
	EndGlobalSection
	GlobalSection(SolutionProperties) = preSolution
		HideSolutionNode = FALSE
	EndGlobalSection
	GlobalSection(ExtensibilityGlobals) = postSolution
		SolutionGuid = {C32E7E4C-CD00-4A57-84D1-32CF22523BFE}
	EndGlobalSection
EndGlobal
